
Microsoft Visual Studio Solution File, Format Version 12.00
# Visual Studio Version 17
VisualStudioVersion = 17.14.36623.8
MinimumVisualStudioVersion = 10.0.40219.1
Project("{8BC9CEB8-8B4A-11D0-8D11-00A0C91BC942}") = "QSC", "..\QSC\QSC\QSC.vcxproj", "{7B7F8E47-0F7C-4273-A229-A7AB2A452EA9}"
EndProject
Project("{8BC9CEB8-8B4A-11D0-8D11-00A0C91BC942}") = "MCLR", "MCLR\MCLR.vcxproj", "{0B43729E-6B9E-44D0-BD82-56F611A35213}"
EndProject
Project("{8BC9CEB8-8B4A-11D0-8D11-00A0C91BC942}") = "MCEL", "MCEL\MCEL.vcxproj", "{477429D9-9F8E-454A-9D48-37A3AAD0EF9B}"
EndProject
Project("{8BC9CEB8-8B4A-11D0-8D11-00A0C91BC942}") = "MCEL Test", "MCELTest\mcel_test.vcxproj", "{97294F42-5F39-4F01-8416-058F276E5824}"
EndProject
Project("{8BC9CEB8-8B4A-11D0-8D11-00A0C91BC942}") = "MCLR Test", "MCLRTest\MCLR Test.vcxproj", "{7B22603A-5035-4F07-B64D-E881F2BC8342}"
EndProject
Global
	GlobalSection(SolutionConfigurationPlatforms) = preSolution
		Debug|x64 = Debug|x64
		Debug|x86 = Debug|x86
		Release|x64 = Release|x64
		Release|x86 = Release|x86
	EndGlobalSection
	GlobalSection(ProjectConfigurationPlatforms) = postSolution
		{7B7F8E47-0F7C-4273-A229-A7AB2A452EA9}.Debug|x64.ActiveCfg = Debug|x64
		{7B7F8E47-0F7C-4273-A229-A7AB2A452EA9}.Debug|x64.Build.0 = Debug|x64
		{7B7F8E47-0F7C-4273-A229-A7AB2A452EA9}.Debug|x86.ActiveCfg = Debug|Win32
		{7B7F8E47-0F7C-4273-A229-A7AB2A452EA9}.Debug|x86.Build.0 = Debug|Win32
		{7B7F8E47-0F7C-4273-A229-A7AB2A452EA9}.Release|x64.ActiveCfg = Release|x64
		{7B7F8E47-0F7C-4273-A229-A7AB2A452EA9}.Release|x64.Build.0 = Release|x64
		{7B7F8E47-0F7C-4273-A229-A7AB2A452EA9}.Release|x86.ActiveCfg = Release|Win32
		{7B7F8E47-0F7C-4273-A229-A7AB2A452EA9}.Release|x86.Build.0 = Release|Win32
		{0B43729E-6B9E-44D0-BD82-56F611A35213}.Debug|x64.ActiveCfg = Debug|x64
		{0B43729E-6B9E-44D0-BD82-56F611A35213}.Debug|x64.Build.0 = Debug|x64
		{0B43729E-6B9E-44D0-BD82-56F611A35213}.Debug|x86.ActiveCfg = Debug|Win32
		{0B43729E-6B9E-44D0-BD82-56F611A35213}.Debug|x86.Build.0 = Debug|Win32
		{0B43729E-6B9E-44D0-BD82-56F611A35213}.Release|x64.ActiveCfg = Release|x64
		{0B43729E-6B9E-44D0-BD82-56F611A35213}.Release|x64.Build.0 = Release|x64
		{0B43729E-6B9E-44D0-BD82-56F611A35213}.Release|x86.ActiveCfg = Release|Win32
		{0B43729E-6B9E-44D0-BD82-56F611A35213}.Release|x86.Build.0 = Release|Win32
		{477429D9-9F8E-454A-9D48-37A3AAD0EF9B}.Debug|x64.ActiveCfg = Debug|x64
		{477429D9-9F8E-454A-9D48-37A3AAD0EF9B}.Debug|x64.Build.0 = Debug|x64
		{477429D9-9F8E-454A-9D48-37A3AAD0EF9B}.Debug|x86.ActiveCfg = Debug|Win32
		{477429D9-9F8E-454A-9D48-37A3AAD0EF9B}.Debug|x86.Build.0 = Debug|Win32
		{477429D9-9F8E-454A-9D48-37A3AAD0EF9B}.Release|x64.ActiveCfg = Release|x64
		{477429D9-9F8E-454A-9D48-37A3AAD0EF9B}.Release|x64.Build.0 = Release|x64
		{477429D9-9F8E-454A-9D48-37A3AAD0EF9B}.Release|x86.ActiveCfg = Release|Win32
		{477429D9-9F8E-454A-9D48-37A3AAD0EF9B}.Release|x86.Build.0 = Release|Win32
		{97294F42-5F39-4F01-8416-058F276E5824}.Debug|x64.ActiveCfg = Debug|x64
		{97294F42-5F39-4F01-8416-058F276E5824}.Debug|x64.Build.0 = Debug|x64
		{97294F42-5F39-4F01-8416-058F276E5824}.Debug|x86.ActiveCfg = Debug|Win32
		{97294F42-5F39-4F01-8416-058F276E5824}.Debug|x86.Build.0 = Debug|Win32
		{97294F42-5F39-4F01-8416-058F276E5824}.Release|x64.ActiveCfg = Release|x64
		{97294F42-5F39-4F01-8416-058F276E5824}.Release|x64.Build.0 = Release|x64
		{97294F42-5F39-4F01-8416-058F276E5824}.Release|x86.ActiveCfg = Release|Win32
		{97294F42-5F39-4F01-8416-058F276E5824}.Release|x86.Build.0 = Release|Win32
		{7B22603A-5035-4F07-B64D-E881F2BC8342}.Debug|x64.ActiveCfg = Debug|x64
		{7B22603A-5035-4F07-B64D-E881F2BC8342}.Debug|x64.Build.0 = Debug|x64
		{7B22603A-5035-4F07-B64D-E881F2BC8342}.Debug|x86.ActiveCfg = Debug|Win32
		{7B22603A-5035-4F07-B64D-E881F2BC8342}.Debug|x86.Build.0 = Debug|Win32
		{7B22603A-5035-4F07-B64D-E881F2BC8342}.Release|x64.ActiveCfg = Release|x64
		{7B22603A-5035-4F07-B64D-E881F2BC8342}.Release|x64.Build.0 = Release|x64
		{7B22603A-5035-4F07-B64D-E881F2BC8342}.Release|x86.ActiveCfg = Release|Win32
		{7B22603A-5035-4F07-B64D-E881F2BC8342}.Release|x86.Build.0 = Release|Win32
	EndGlobalSection
	GlobalSection(SolutionProperties) = preSolution
		HideSolutionNode = FALSE
	EndGlobalSection
	GlobalSection(ExtensibilityGlobals) = postSolution
		SolutionGuid = {74ACD4C1-DAE7-44C5-923E-AD9EDD34F0E9}
	EndGlobalSection
EndGlobal
